
Microsoft Visual Studio Solution File, Format Version 12.00
# Visual Studio Version 16
VisualStudioVersion = 16.0.30517.126
MinimumVisualStudioVersion = 10.0.40219.1
Project("{FAE04EC0-301F-11D3-BF4B-00C04F79EFBC}") = "TheBestTodoApp2020", "TheBestTodoApp2020\TheBestTodoApp2020.csproj", "{708BB104-8151-41C2-9D20-796B5087F420}"
EndProject
Project("{FAE04EC0-301F-11D3-BF4B-00C04F79EFBC}") = "Library", "Repo\Library.csproj", "{5B405694-BE36-44F2-A07F-20A0D90F966E}"
EndProject
Global
	GlobalSection(SolutionConfigurationPlatforms) = preSolution
		Debug|Any CPU = Debug|Any CPU
		Release|Any CPU = Release|Any CPU
	EndGlobalSection
	GlobalSection(ProjectConfigurationPlatforms) = postSolution
		{708BB104-8151-41C2-9D20-796B5087F420}.Debug|Any CPU.ActiveCfg = Debug|Any CPU
		{708BB104-8151-41C2-9D20-796B5087F420}.Debug|Any CPU.Build.0 = Debug|Any CPU
		{708BB104-8151-41C2-9D20-796B5087F420}.Release|Any CPU.ActiveCfg = Release|Any CPU
		{708BB104-8151-41C2-9D20-796B5087F420}.Release|Any CPU.Build.0 = Release|Any CPU
		{5B405694-BE36-44F2-A07F-20A0D90F966E}.Debug|Any CPU.ActiveCfg = Debug|Any CPU
		{5B405694-BE36-44F2-A07F-20A0D90F966E}.Debug|Any CPU.Build.0 = Debug|Any CPU
		{5B405694-BE36-44F2-A07F-20A0D90F966E}.Release|Any CPU.ActiveCfg = Release|Any CPU
		{5B405694-BE36-44F2-A07F-20A0D90F966E}.Release|Any CPU.Build.0 = Release|Any CPU
	EndGlobalSection
	GlobalSection(SolutionProperties) = preSolution
		HideSolutionNode = FALSE
	EndGlobalSection
	GlobalSection(ExtensibilityGlobals) = postSolution
		SolutionGuid = {33C188F2-508B-4CCA-B399-B0E589881259}
	EndGlobalSection
EndGlobal
